
Microsoft Visual Studio Solution File, Format Version 12.00
# Visual Studio Version 16
VisualStudioVersion = 16.0.32002.261
MinimumVisualStudioVersion = 10.0.40219.1
Project("{FAE04EC0-301F-11D3-BF4B-00C04F79EFBC}") = "EntityCodeFirst", "EntityCodeFirst\EntityCodeFirst.csproj", "{47B41B8E-C1ED-407A-9B45-9B0B0277DE1A}"
EndProject
Global
	GlobalSection(SolutionConfigurationPlatforms) = preSolution
		Debug|Any CPU = Debug|Any CPU
		Release|Any CPU = Release|Any CPU
	EndGlobalSection
	GlobalSection(ProjectConfigurationPlatforms) = postSolution
		{47B41B8E-C1ED-407A-9B45-9B0B0277DE1A}.Debug|Any CPU.ActiveCfg = Debug|Any CPU
		{47B41B8E-C1ED-407A-9B45-9B0B0277DE1A}.Debug|Any CPU.Build.0 = Debug|Any CPU
		{47B41B8E-C1ED-407A-9B45-9B0B0277DE1A}.Release|Any CPU.ActiveCfg = Release|Any CPU
		{47B41B8E-C1ED-407A-9B45-9B0B0277DE1A}.Release|Any CPU.Build.0 = Release|Any CPU
	EndGlobalSection
	GlobalSection(SolutionProperties) = preSolution
		HideSolutionNode = FALSE
	EndGlobalSection
	GlobalSection(ExtensibilityGlobals) = postSolution
		SolutionGuid = {F737A581-4B89-477E-BBD4-6311F600858B}
	EndGlobalSection
EndGlobal
