
Microsoft Visual Studio Solution File, Format Version 12.00
# Visual Studio Version 16
VisualStudioVersion = 16.0.32106.194
MinimumVisualStudioVersion = 10.0.40219.1
Project("{FAE04EC0-301F-11D3-BF4B-00C04F79EFBC}") = "ResimEkleme", "ResimEkleme\ResimEkleme.csproj", "{D15E113B-0809-4A5B-829D-A1B794002000}"
EndProject
Global
	GlobalSection(SolutionConfigurationPlatforms) = preSolution
		Debug|Any CPU = Debug|Any CPU
		Release|Any CPU = Release|Any CPU
	EndGlobalSection
	GlobalSection(ProjectConfigurationPlatforms) = postSolution
		{D15E113B-0809-4A5B-829D-A1B794002000}.Debug|Any CPU.ActiveCfg = Debug|Any CPU
		{D15E113B-0809-4A5B-829D-A1B794002000}.Debug|Any CPU.Build.0 = Debug|Any CPU
		{D15E113B-0809-4A5B-829D-A1B794002000}.Release|Any CPU.ActiveCfg = Release|Any CPU
		{D15E113B-0809-4A5B-829D-A1B794002000}.Release|Any CPU.Build.0 = Release|Any CPU
	EndGlobalSection
	GlobalSection(SolutionProperties) = preSolution
		HideSolutionNode = FALSE
	EndGlobalSection
	GlobalSection(ExtensibilityGlobals) = postSolution
		SolutionGuid = {F4FE9465-A491-4893-B996-3863DCFCBD2C}
	EndGlobalSection
EndGlobal
